{
  "name": "kraken-dual-agent-demo",
  "version": "0.1.0",
  "lockfileVersion": 3,
  "requires": true,
  "packages": {
    "": {
      "name": "kraken-dual-agent-demo",
      "version": "0.1.0",
      "dependencies": {
        "dual-sdk": "git+https://github.com/DualOrg/dual-sdk-ts.git"
      },
      "engines": {
        "node": ">=20"
      }
    },
    "node_modules/dual-sdk": {
      "version": "0.1.0",
      "resolved": "git+https://github.com/DualOrg/dual-sdk-ts.git#b31ca6f73f19577b47306d2785caf27699e074f4",
      "license": "MIT",
      "engines": {
        "node": ">=18"
      }
    }
  }
}
